// !$*UTF8*$!
{
	archiveVersion = 1;
	classes = {
	};
	objectVersion = 51;
	objects = {

/* Begin PBXBuildFile section */
		192217F7589C6AA545156120 /* Pods_WeatherAppTests.framework in Frameworks */ = {isa = PBXBuildFile; fileRef = 852E50CB9DE6BA9F44AB06DC /* Pods_WeatherAppTests.framework */; };
		301FA0482510B67C00FF8B1D /* AppDelegate.swift in Sources */ = {isa = PBXBuildFile; fileRef = 301FA0472510B67C00FF8B1D /* AppDelegate.swift */; };
		301FA04A2510B67C00FF8B1D /* SceneDelegate.swift in Sources */ = {isa = PBXBuildFile; fileRef = 301FA0492510B67C00FF8B1D /* SceneDelegate.swift */; };
		301FA04C2510B67D00FF8B1D /* ViewController.swift in Sources */ = {isa = PBXBuildFile; fileRef = 301FA04B2510B67D00FF8B1D /* ViewController.swift */; };
		301FA04F2510B67D00FF8B1D /* Main.storyboard in Resources */ = {isa = PBXBuildFile; fileRef = 301FA04D2510B67D00FF8B1D /* Main.storyboard */; };
		301FA0512510B67F00FF8B1D /* Assets.xcassets in Resources */ = {isa = PBXBuildFile; fileRef = 301FA0502510B67F00FF8B1D /* Assets.xcassets */; };
		301FA0542510B67F00FF8B1D /* LaunchScreen.storyboard in Resources */ = {isa = PBXBuildFile; fileRef = 301FA0522510B67F00FF8B1D /* LaunchScreen.storyboard */; };
		301FA06A2510B67F00FF8B1D /* WeatherAppUITests.swift in Sources */ = {isa = PBXBuildFile; fileRef = 301FA0692510B67F00FF8B1D /* WeatherAppUITests.swift */; };
		301FA07A2512480500FF8B1D /* CityList.storyboard in Resources */ = {isa = PBXBuildFile; fileRef = 301FA0792512480500FF8B1D /* CityList.storyboard */; };
		301FA07C2512483300FF8B1D /* View.xib in Resources */ = {isa = PBXBuildFile; fileRef = 301FA07B2512483300FF8B1D /* View.xib */; };
		4EB811C70030FAC194EE4BE8 /* Pods_WeatherApp.framework in Frameworks */ = {isa = PBXBuildFile; fileRef = 7A951AED59B82C1AA2BA3C79 /* Pods_WeatherApp.framework */; };
		592B1249DBCB489BF74C7BD8 /* Pods_WeatherApp_WeatherAppUITests.framework in Frameworks */ = {isa = PBXBuildFile; fileRef = B5EAA7CA7B3CA9BFB67D9BA0 /* Pods_WeatherApp_WeatherAppUITests.framework */; };
/* End PBXBuildFile section */

/* Begin PBXContainerItemProxy section */
		301FA05B2510B67F00FF8B1D /* PBXContainerItemProxy */ = {
			isa = PBXContainerItemProxy;
			containerPortal = 301FA03C2510B67C00FF8B1D /* Project object */;
			proxyType = 1;
			remoteGlobalIDString = 301FA0432510B67C00FF8B1D;
			remoteInfo = WeatherApp;
		};
		301FA0662510B67F00FF8B1D /* PBXContainerItemProxy */ = {
			isa = PBXContainerItemProxy;
			containerPortal = 301FA03C2510B67C00FF8B1D /* Project object */;
			proxyType = 1;
			remoteGlobalIDString = 301FA0432510B67C00FF8B1D;
			remoteInfo = WeatherApp;
		};
/* End PBXContainerItemProxy section */

/* Begin PBXFileReference section */
		0E142A19F373B75BCD287AC8 /* Pods-WeatherAppTests.debug.xcconfig */ = {isa = PBXFileReference; includeInIndex = 1; lastKnownFileType = text.xcconfig; name = "Pods-WeatherAppTests.debug.xcconfig"; path = "Target Support Files/Pods-WeatherAppTests/Pods-WeatherAppTests.debug.xcconfig"; sourceTree = "<group>"; };
		301FA0442510B67C00FF8B1D /* WeatherApp.app */ = {isa = PBXFileReference; explicitFileType = wrapper.application; includeInIndex = 0; path = WeatherApp.app; sourceTree = BUILT_PRODUCTS_DIR; };
		301FA0472510B67C00FF8B1D /* AppDelegate.swift */ = {isa = PBXFileReference; lastKnownFileType = sourcecode.swift; path = AppDelegate.swift; sourceTree = "<group>"; };
		301FA0492510B67C00FF8B1D /* SceneDelegate.swift */ = {isa = PBXFileReference; lastKnownFileType = sourcecode.swift; path = SceneDelegate.swift; sourceTree = "<group>"; };
		301FA04B2510B67D00FF8B1D /* ViewController.swift */ = {isa = PBXFileReference; lastKnownFileType = sourcecode.swift; path = ViewController.swift; sourceTree = "<group>"; };
		301FA04E2510B67D00FF8B1D /* Base */ = {isa = PBXFileReference; lastKnownFileType = file.storyboard; name = Base; path = Base.lproj/Main.storyboard; sourceTree = "<group>"; };
		301FA0502510B67F00FF8B1D /* Assets.xcassets */ = {isa = PBXFileReference; lastKnownFileType = folder.assetcatalog; path = Assets.xcassets; sourceTree = "<group>"; };
		301FA0532510B67F00FF8B1D /* Base */ = {isa = PBXFileReference; lastKnownFileType = file.storyboard; name = Base; path = Base.lproj/LaunchScreen.storyboard; sourceTree = "<group>"; };
		301FA0552510B67F00FF8B1D /* Info.plist */ = {isa = PBXFileReference; lastKnownFileType = text.plist.xml; path = Info.plist; sourceTree = "<group>"; };
		301FA05A2510B67F00FF8B1D /* WeatherAppTests.xctest */ = {isa = PBXFileReference; explicitFileType = wrapper.cfbundle; includeInIndex = 0; path = WeatherAppTests.xctest; sourceTree = BUILT_PRODUCTS_DIR; };
		301FA0652510B67F00FF8B1D /* WeatherAppUITests.xctest */ = {isa = PBXFileReference; explicitFileType = wrapper.cfbundle; includeInIndex = 0; path = WeatherAppUITests.xctest; sourceTree = BUILT_PRODUCTS_DIR; };
		301FA0692510B67F00FF8B1D /* WeatherAppUITests.swift */ = {isa = PBXFileReference; lastKnownFileType = sourcecode.swift; path = WeatherAppUITests.swift; sourceTree = "<group>"; };
		301FA06B2510B67F00FF8B1D /* Info.plist */ = {isa = PBXFileReference; lastKnownFileType = text.plist.xml; path = Info.plist; sourceTree = "<group>"; };
		301FA0792512480500FF8B1D /* CityList.storyboard */ = {isa = PBXFileReference; lastKnownFileType = file.storyboard; path = CityList.storyboard; sourceTree = "<group>"; };
		301FA07B2512483300FF8B1D /* View.xib */ = {isa = PBXFileReference; lastKnownFileType = file.xib; path = View.xib; sourceTree = "<group>"; };
		34A4CAC1CB3918CAE9E458C7 /* Pods-WeatherApp.debug.xcconfig */ = {isa = PBXFileReference; includeInIndex = 1; lastKnownFileType = text.xcconfig; name = "Pods-WeatherApp.debug.xcconfig"; path = "Target Support Files/Pods-WeatherApp/Pods-WeatherApp.debug.xcconfig"; sourceTree = "<group>"; };
		484F31C3AD7CBB21B2293259 /* Pods-WeatherApp.release.xcconfig */ = {isa = PBXFileReference; includeInIndex = 1; lastKnownFileType = text.xcconfig; name = "Pods-WeatherApp.release.xcconfig"; path = "Target Support Files/Pods-WeatherApp/Pods-WeatherApp.release.xcconfig"; sourceTree = "<group>"; };
		7A951AED59B82C1AA2BA3C79 /* Pods_WeatherApp.framework */ = {isa = PBXFileReference; explicitFileType = wrapper.framework; includeInIndex = 0; path = Pods_WeatherApp.framework; sourceTree = BUILT_PRODUCTS_DIR; };
		7C25927AC6F52DBA8C6865B8 /* Pods-WeatherApp-WeatherAppUITests.debug.xcconfig */ = {isa = PBXFileReference; includeInIndex = 1; lastKnownFileType = text.xcconfig; name = "Pods-WeatherApp-WeatherAppUITests.debug.xcconfig"; path = "Target Support Files/Pods-WeatherApp-WeatherAppUITests/Pods-WeatherApp-WeatherAppUITests.debug.xcconfig"; sourceTree = "<group>"; };
		852E50CB9DE6BA9F44AB06DC /* Pods_WeatherAppTests.framework */ = {isa = PBXFileReference; explicitFileType = wrapper.framework; includeInIndex = 0; path = Pods_WeatherAppTests.framework; sourceTree = BUILT_PRODUCTS_DIR; };
		9591E41BD144D3B1DE42D65C /* Pods-WeatherAppTests.release.xcconfig */ = {isa = PBXFileReference; includeInIndex = 1; lastKnownFileType = text.xcconfig; name = "Pods-WeatherAppTests.release.xcconfig"; path = "Target Support Files/Pods-WeatherAppTests/Pods-WeatherAppTests.release.xcconfig"; sourceTree = "<group>"; };
		B5EAA7CA7B3CA9BFB67D9BA0 /* Pods_WeatherApp_WeatherAppUITests.framework */ = {isa = PBXFileReference; explicitFileType = wrapper.framework; includeInIndex = 0; path = Pods_WeatherApp_WeatherAppUITests.framework; sourceTree = BUILT_PRODUCTS_DIR; };
		D95308AAA61D8C7864D6675F /* Pods-WeatherApp-WeatherAppUITests.release.xcconfig */ = {isa = PBXFileReference; includeInIndex = 1; lastKnownFileType = text.xcconfig; name = "Pods-WeatherApp-WeatherAppUITests.release.xcconfig"; path = "Target Support Files/Pods-WeatherApp-WeatherAppUITests/Pods-WeatherApp-WeatherAppUITests.release.xcconfig"; sourceTree = "<group>"; };
/* End PBXFileReference section */

/* Begin PBXFrameworksBuildPhase section */
		301FA0412510B67C00FF8B1D /* Frameworks */ = {
			isa = PBXFrameworksBuildPhase;
			buildActionMask = 2147483647;
			files = (
				4EB811C70030FAC194EE4BE8 /* Pods_WeatherApp.framework in Frameworks */,
			);
			runOnlyForDeploymentPostprocessing = 0;
		};
		301FA0572510B67F00FF8B1D /* Frameworks */ = {
			isa = PBXFrameworksBuildPhase;
			buildActionMask = 2147483647;
			files = (
				192217F7589C6AA545156120 /* Pods_WeatherAppTests.framework in Frameworks */,
			);
			runOnlyForDeploymentPostprocessing = 0;
		};
		301FA0622510B67F00FF8B1D /* Frameworks */ = {
			isa = PBXFrameworksBuildPhase;
			buildActionMask = 2147483647;
			files = (
				592B1249DBCB489BF74C7BD8 /* Pods_WeatherApp_WeatherAppUITests.framework in Frameworks */,
			);
			runOnlyForDeploymentPostprocessing = 0;
		};
/* End PBXFrameworksBuildPhase section */

/* Begin PBXGroup section */
		301FA03B2510B67C00FF8B1D = {
			isa = PBXGroup;
			children = (
				301FA0462510B67C00FF8B1D /* WeatherApp */,
				301FA0682510B67F00FF8B1D /* WeatherAppUITests */,
				301FA0452510B67C00FF8B1D /* Products */,
				5180AC80C6BC560D7D43FB69 /* Pods */,
				66AA646F78A458015B67CE34 /* Frameworks */,
			);
			sourceTree = "<group>";
		};
		301FA0452510B67C00FF8B1D /* Products */ = {
			isa = PBXGroup;
			children = (
				301FA0442510B67C00FF8B1D /* WeatherApp.app */,
				301FA05A2510B67F00FF8B1D /* WeatherAppTests.xctest */,
				301FA0652510B67F00FF8B1D /* WeatherAppUITests.xctest */,
			);
			name = Products;
			sourceTree = "<group>";
		};
		301FA0462510B67C00FF8B1D /* WeatherApp */ = {
			isa = PBXGroup;
			children = (
				301FA0472510B67C00FF8B1D /* AppDelegate.swift */,
				301FA0492510B67C00FF8B1D /* SceneDelegate.swift */,
				301FA04B2510B67D00FF8B1D /* ViewController.swift */,
				301FA04D2510B67D00FF8B1D /* Main.storyboard */,
				301FA07B2512483300FF8B1D /* View.xib */,
				301FA0502510B67F00FF8B1D /* Assets.xcassets */,
				301FA0522510B67F00FF8B1D /* LaunchScreen.storyboard */,
				301FA0552510B67F00FF8B1D /* Info.plist */,
				301FA0792512480500FF8B1D /* CityList.storyboard */,
			);
			path = WeatherApp;
			sourceTree = "<group>";
		};
		301FA0682510B67F00FF8B1D /* WeatherAppUITests */ = {
			isa = PBXGroup;
			children = (
				301FA0692510B67F00FF8B1D /* WeatherAppUITests.swift */,
				301FA06B2510B67F00FF8B1D /* Info.plist */,
			);
			path = WeatherAppUITests;
			sourceTree = "<group>";
		};
		5180AC80C6BC560D7D43FB69 /* Pods */ = {
			isa = PBXGroup;
			children = (
				34A4CAC1CB3918CAE9E458C7 /* Pods-WeatherApp.debug.xcconfig */,
				484F31C3AD7CBB21B2293259 /* Pods-WeatherApp.release.xcconfig */,
				7C25927AC6F52DBA8C6865B8 /* Pods-WeatherApp-WeatherAppUITests.debug.xcconfig */,
				D95308AAA61D8C7864D6675F /* Pods-WeatherApp-WeatherAppUITests.release.xcconfig */,
				0E142A19F373B75BCD287AC8 /* Pods-WeatherAppTests.debug.xcconfig */,
				9591E41BD144D3B1DE42D65C /* Pods-WeatherAppTests.release.xcconfig */,
			);
			path = Pods;
			sourceTree = "<group>";
		};
		66AA646F78A458015B67CE34 /* Frameworks */ = {
			isa = PBXGroup;
			children = (
				7A951AED59B82C1AA2BA3C79 /* Pods_WeatherApp.framework */,
				B5EAA7CA7B3CA9BFB67D9BA0 /* Pods_WeatherApp_WeatherAppUITests.framework */,
				852E50CB9DE6BA9F44AB06DC /* Pods_WeatherAppTests.framework */,
			);
			name = Frameworks;
			sourceTree = "<group>";
		};
/* End PBXGroup section */

/* Begin PBXNativeTarget section */
		301FA0432510B67C00FF8B1D /* WeatherApp */ = {
			isa = PBXNativeTarget;
			buildConfigurationList = 301FA06E2510B67F00FF8B1D /* Build configuration list for PBXNativeTarget "WeatherApp" */;
			buildPhases = (
				6BDBEF42D42CD7924B186EBD /* [CP] Check Pods Manifest.lock */,
				301FA0402510B67C00FF8B1D /* Sources */,
				301FA0412510B67C00FF8B1D /* Frameworks */,
				301FA0422510B67C00FF8B1D /* Resources */,
				9DAE579A3F56EF97722359A8 /* [CP] Embed Pods Frameworks */,
			);
			buildRules = (
			);
			dependencies = (
			);
			name = WeatherApp;
			productName = WeatherApp;
			productReference = 301FA0442510B67C00FF8B1D /* WeatherApp.app */;
			productType = "com.apple.product-type.application";
		};
		301FA0592510B67F00FF8B1D /* WeatherAppTests */ = {
			isa = PBXNativeTarget;
			buildConfigurationList = 301FA0712510B67F00FF8B1D /* Build configuration list for PBXNativeTarget "WeatherAppTests" */;
			buildPhases = (
				EBF017187879E9F45DC86E2D /* [CP] Check Pods Manifest.lock */,
				301FA0562510B67F00FF8B1D /* Sources */,
				301FA0572510B67F00FF8B1D /* Frameworks */,
				301FA0582510B67F00FF8B1D /* Resources */,
			);
			buildRules = (
			);
			dependencies = (
				301FA05C2510B67F00FF8B1D /* PBXTargetDependency */,
			);
			name = WeatherAppTests;
			productName = WeatherAppTests;
			productReference = 301FA05A2510B67F00FF8B1D /* WeatherAppTests.xctest */;
			productType = "com.apple.product-type.bundle.unit-test";
		};
		301FA0642510B67F00FF8B1D /* WeatherAppUITests */ = {
			isa = PBXNativeTarget;
			buildConfigurationList = 301FA0742510B67F00FF8B1D /* Build configuration list for PBXNativeTarget "WeatherAppUITests" */;
			buildPhases = (
				CF5A172F913A323CC32EE75E /* [CP] Check Pods Manifest.lock */,
				301FA0612510B67F00FF8B1D /* Sources */,
				301FA0622510B67F00FF8B1D /* Frameworks */,
				301FA0632510B67F00FF8B1D /* Resources */,
				B025AA006692ECEFD9062746 /* [CP] Embed Pods Frameworks */,
			);
			buildRules = (
			);
			dependencies = (
				301FA0672510B67F00FF8B1D /* PBXTargetDependency */,
			);
			name = WeatherAppUITests;
			productName = WeatherAppUITests;
			productReference = 301FA0652510B67F00FF8B1D /* WeatherAppUITests.xctest */;
			productType = "com.apple.product-type.bundle.ui-testing";
		};
/* End PBXNativeTarget section */

/* Begin PBXProject section */
		301FA03C2510B67C00FF8B1D /* Project object */ = {
			isa = PBXProject;
			attributes = {
				LastSwiftUpdateCheck = 1170;
				LastUpgradeCheck = 1170;
				ORGANIZATIONNAME = Shehzad;
				TargetAttributes = {
					301FA0432510B67C00FF8B1D = {
						CreatedOnToolsVersion = 11.7;
					};
					301FA0592510B67F00FF8B1D = {
						CreatedOnToolsVersion = 11.7;
						TestTargetID = 301FA0432510B67C00FF8B1D;
					};
					301FA0642510B67F00FF8B1D = {
						CreatedOnToolsVersion = 11.7;
						TestTargetID = 301FA0432510B67C00FF8B1D;
					};
				};
			};
			buildConfigurationList = 301FA03F2510B67C00FF8B1D /* Build configuration list for PBXProject "WeatherApp" */;
			compatibilityVersion = "Xcode 9.3";
			developmentRegion = en;
			hasScannedForEncodings = 0;
			knownRegions = (
				en,
				Base,
			);
			mainGroup = 301FA03B2510B67C00FF8B1D;
			productRefGroup = 301FA0452510B67C00FF8B1D /* Products */;
			projectDirPath = "";
			projectRoot = "";
			targets = (
				301FA0432510B67C00FF8B1D /* WeatherApp */,
				301FA0592510B67F00FF8B1D /* WeatherAppTests */,
				301FA0642510B67F00FF8B1D /* WeatherAppUITests */,
			);
		};
/* End PBXProject section */

/* Begin PBXResourcesBuildPhase section */
		301FA0422510B67C00FF8B1D /* Resources */ = {
			isa = PBXResourcesBuildPhase;
			buildActionMask = 2147483647;
			files = (
				301FA0542510B67F00FF8B1D /* LaunchScreen.storyboard in Resources */,
				301FA07C2512483300FF8B1D /* View.xib in Resources */,
				301FA0512510B67F00FF8B1D /* Assets.xcassets in Resources */,
				301FA04F2510B67D00FF8B1D /* Main.storyboard in Resources */,
				301FA07A2512480500FF8B1D /* CityList.storyboard in Resources */,
			);
			runOnlyForDeploymentPostprocessing = 0;
		};
		301FA0582510B67F00FF8B1D /* Resources */ = {
			isa = PBXResourcesBuildPhase;
			buildActionMask = 2147483647;
			files = (
			);
			runOnlyForDeploymentPostprocessing = 0;
		};
		301FA0632510B67F00FF8B1D /* Resources */ = {
			isa = PBXResourcesBuildPhase;
			buildActionMask = 2147483647;
			files = (
			);
			runOnlyForDeploymentPostprocessing = 0;
		};
/* End PBXResourcesBuildPhase section */

/* Begin PBXShellScriptBuildPhase section */
		6BDBEF42D42CD7924B186EBD /* [CP] Check Pods Manifest.lock */ = {
			isa = PBXShellScriptBuildPhase;
			buildActionMask = 2147483647;
			files = (
			);
			inputFileListPaths = (
			);
			inputPaths = (
				"${PODS_PODFILE_DIR_PATH}/Podfile.lock",
				"${PODS_ROOT}/Manifest.lock",
			);
			name = "[CP] Check Pods Manifest.lock";
			outputFileListPaths = (
			);
			outputPaths = (
				"$(DERIVED_FILE_DIR)/Pods-WeatherApp-checkManifestLockResult.txt",
			);
			runOnlyForDeploymentPostprocessing = 0;
			shellPath = /bin/sh;
			shellScript = "diff \"${PODS_PODFILE_DIR_PATH}/Podfile.lock\" \"${PODS_ROOT}/Manifest.lock\" > /dev/null\nif [ $? != 0 ] ; then\n    # print error to STDERR\n    echo \"error: The sandbox is not in sync with the Podfile.lock. Run 'pod install' or update your CocoaPods installation.\" >&2\n    exit 1\nfi\n# This output is used by Xcode 'outputs' to avoid re-running this script phase.\necho \"SUCCESS\" > \"${SCRIPT_OUTPUT_FILE_0}\"\n";
			showEnvVarsInLog = 0;
		};
		9DAE579A3F56EF97722359A8 /* [CP] Embed Pods Frameworks */ = {
			isa = PBXShellScriptBuildPhase;
			buildActionMask = 2147483647;
			files = (
			);
			inputFileListPaths = (
				"${PODS_ROOT}/Target Support Files/Pods-WeatherApp/Pods-WeatherApp-frameworks-${CONFIGURATION}-input-files.xcfilelist",
			);
			name = "[CP] Embed Pods Frameworks";
			outputFileListPaths = (
				"${PODS_ROOT}/Target Support Files/Pods-WeatherApp/Pods-WeatherApp-frameworks-${CONFIGURATION}-output-files.xcfilelist",
			);
			runOnlyForDeploymentPostprocessing = 0;
			shellPath = /bin/sh;
			shellScript = "\"${PODS_ROOT}/Target Support Files/Pods-WeatherApp/Pods-WeatherApp-frameworks.sh\"\n";
			showEnvVarsInLog = 0;
		};
		B025AA006692ECEFD9062746 /* [CP] Embed Pods Frameworks */ = {
			isa = PBXShellScriptBuildPhase;
			buildActionMask = 2147483647;
			files = (
			);
			inputFileListPaths = (
				"${PODS_ROOT}/Target Support Files/Pods-WeatherApp-WeatherAppUITests/Pods-WeatherApp-WeatherAppUITests-frameworks-${CONFIGURATION}-input-files.xcfilelist",
			);
			name = "[CP] Embed Pods Frameworks";
			outputFileListPaths = (
				"${PODS_ROOT}/Target Support Files/Pods-WeatherApp-WeatherAppUITests/Pods-WeatherApp-WeatherAppUITests-frameworks-${CONFIGURATION}-output-files.xcfilelist",
			);
			runOnlyForDeploymentPostprocessing = 0;
			shellPath = /bin/sh;
			shellScript = "\"${PODS_ROOT}/Target Support Files/Pods-WeatherApp-WeatherAppUITests/Pods-WeatherApp-WeatherAppUITests-frameworks.sh\"\n";
			showEnvVarsInLog = 0;
		};
		CF5A172F913A323CC32EE75E /* [CP] Check Pods Manifest.lock */ = {
			isa = PBXShellScriptBuildPhase;
			buildActionMask = 2147483647;
			files = (
			);
			inputFileListPaths = (
			);
			inputPaths = (
				"${PODS_PODFILE_DIR_PATH}/Podfile.lock",
				"${PODS_ROOT}/Manifest.lock",
			);
			name = "[CP] Check Pods Manifest.lock";
			outputFileListPaths = (
			);
			outputPaths = (
				"$(DERIVED_FILE_DIR)/Pods-WeatherApp-WeatherAppUITests-checkManifestLockResult.txt",
			);
			runOnlyForDeploymentPostprocessing = 0;
			shellPath = /bin/sh;
			shellScript = "diff \"${PODS_PODFILE_DIR_PATH}/Podfile.lock\" \"${PODS_ROOT}/Manifest.lock\" > /dev/null\nif [ $? != 0 ] ; then\n    # print error to STDERR\n    echo \"error: The sandbox is not in sync with the Podfile.lock. Run 'pod install' or update your CocoaPods installation.\" >&2\n    exit 1\nfi\n# This output is used by Xcode 'outputs' to avoid re-running this script phase.\necho \"SUCCESS\" > \"${SCRIPT_OUTPUT_FILE_0}\"\n";
			showEnvVarsInLog = 0;
		};
		EBF017187879E9F45DC86E2D /* [CP] Check Pods Manifest.lock */ = {
			isa = PBXShellScriptBuildPhase;
			buildActionMask = 2147483647;
			files = (
			);
			inputFileListPaths = (
			);
			inputPaths = (
				"${PODS_PODFILE_DIR_PATH}/Podfile.lock",
				"${PODS_ROOT}/Manifest.lock",
			);
			name = "[CP] Check Pods Manifest.lock";
			outputFileListPaths = (
			);
			outputPaths = (
				"$(DERIVED_FILE_DIR)/Pods-WeatherAppTests-checkManifestLockResult.txt",
			);
			runOnlyForDeploymentPostprocessing = 0;
			shellPath = /bin/sh;
			shellScript = "diff \"${PODS_PODFILE_DIR_PATH}/Podfile.lock\" \"${PODS_ROOT}/Manifest.lock\" > /dev/null\nif [ $? != 0 ] ; then\n    # print error to STDERR\n    echo \"error: The sandbox is not in sync with the Podfile.lock. Run 'pod install' or update your CocoaPods installation.\" >&2\n    exit 1\nfi\n# This output is used by Xcode 'outputs' to avoid re-running this script phase.\necho \"SUCCESS\" > \"${SCRIPT_OUTPUT_FILE_0}\"\n";
			showEnvVarsInLog = 0;
		};
/* End PBXShellScriptBuildPhase section */

/* Begin PBXSourcesBuildPhase section */
		301FA0402510B67C00FF8B1D /* Sources */ = {
			isa = PBXSourcesBuildPhase;
			buildActionMask = 2147483647;
			files = (
				301FA04C2510B67D00FF8B1D /* ViewController.swift in Sources */,
				301FA0482510B67C00FF8B1D /* AppDelegate.swift in Sources */,
				301FA04A2510B67C00FF8B1D /* SceneDelegate.swift in Sources */,
			);
			runOnlyForDeploymentPostprocessing = 0;
		};
		301FA0562510B67F00FF8B1D /* Sources */ = {
			isa = PBXSourcesBuildPhase;
			buildActionMask = 2147483647;
			files = (
			);
			runOnlyForDeploymentPostprocessing = 0;
		};
		301FA0612510B67F00FF8B1D /* Sources */ = {
			isa = PBXSourcesBuildPhase;
			buildActionMask = 2147483647;
			files = (
				301FA06A2510B67F00FF8B1D /* WeatherAppUITests.swift in Sources */,
			);
			runOnlyForDeploymentPostprocessing = 0;
		};
/* End PBXSourcesBuildPhase section */

/* Begin PBXTargetDependency section */
		301FA05C2510B67F00FF8B1D /* PBXTargetDependency */ = {
			isa = PBXTargetDependency;
			target = 301FA0432510B67C00FF8B1D /* WeatherApp */;
			targetProxy = 301FA05B2510B67F00FF8B1D /* PBXContainerItemProxy */;
		};
		301FA0672510B67F00FF8B1D /* PBXTargetDependency */ = {
			isa = PBXTargetDependency;
			target = 301FA0432510B67C00FF8B1D /* WeatherApp */;
			targetProxy = 301FA0662510B67F00FF8B1D /* PBXContainerItemProxy */;
		};
/* End PBXTargetDependency section */

/* Begin PBXVariantGroup section */
		301FA04D2510B67D00FF8B1D /* Main.storyboard */ = {
			isa = PBXVariantGroup;
			children = (
				301FA04E2510B67D00FF8B1D /* Base */,
			);
			name = Main.storyboard;
			sourceTree = "<group>";
		};
		301FA0522510B67F00FF8B1D /* LaunchScreen.storyboard */ = {
			isa = PBXVariantGroup;
			children = (
				301FA0532510B67F00FF8B1D /* Base */,
			);
			name = LaunchScreen.storyboard;
			sourceTree = "<group>";
		};
/* End PBXVariantGroup section */

/* Begin XCBuildConfiguration section */
		301FA06C2510B67F00FF8B1D /* Debug */ = {
			isa = XCBuildConfiguration;
			buildSettings = {
				ALWAYS_SEARCH_USER_PATHS = NO;
				CLANG_ANALYZER_NONNULL = YES;
				CLANG_ANALYZER_NUMBER_OBJECT_CONVERSION = YES_AGGRESSIVE;
				CLANG_CXX_LANGUAGE_STANDARD = "gnu++14";
				CLANG_CXX_LIBRARY = "libc++";
				CLANG_ENABLE_MODULES = YES;
				CLANG_ENABLE_OBJC_ARC = YES;
				CLANG_ENABLE_OBJC_WEAK = YES;
				CLANG_WARN_BLOCK_CAPTURE_AUTORELEASING = YES;
				CLANG_WARN_BOOL_CONVERSION = YES;
				CLANG_WARN_COMMA = YES;
				CLANG_WARN_CONSTANT_CONVERSION = YES;
				CLANG_WARN_DEPRECATED_OBJC_IMPLEMENTATIONS = YES;
				CLANG_WARN_DIRECT_OBJC_ISA_USAGE = YES_ERROR;
				CLANG_WARN_DOCUMENTATION_COMMENTS = YES;
				CLANG_WARN_EMPTY_BODY = YES;
				CLANG_WARN_ENUM_CONVERSION = YES;
				CLANG_WARN_INFINITE_RECURSION = YES;
				CLANG_WARN_INT_CONVERSION = YES;
				CLANG_WARN_NON_LITERAL_NULL_CONVERSION = YES;
				CLANG_WARN_OBJC_IMPLICIT_RETAIN_SELF = YES;
				CLANG_WARN_OBJC_LITERAL_CONVERSION = YES;
				CLANG_WARN_OBJC_ROOT_CLASS = YES_ERROR;
				CLANG_WARN_RANGE_LOOP_ANALYSIS = YES;
				CLANG_WARN_STRICT_PROTOTYPES = YES;
				CLANG_WARN_SUSPICIOUS_MOVE = YES;
				CLANG_WARN_UNGUARDED_AVAILABILITY = YES_AGGRESSIVE;
				CLANG_WARN_UNREACHABLE_CODE = YES;
				CLANG_WARN__DUPLICATE_METHOD_MATCH = YES;
				COPY_PHASE_STRIP = NO;
				DEBUG_INFORMATION_FORMAT = dwarf;
				ENABLE_STRICT_OBJC_MSGSEND = YES;
				ENABLE_TESTABILITY = YES;
				GCC_C_LANGUAGE_STANDARD = gnu11;
				GCC_DYNAMIC_NO_PIC = NO;
				GCC_NO_COMMON_BLOCKS = YES;
				GCC_OPTIMIZATION_LEVEL = 0;
				GCC_PREPROCESSOR_DEFINITIONS = (
					"DEBUG=1",
					"$(inherited)",
				);
				GCC_WARN_64_TO_32_BIT_CONVERSION = YES;
				GCC_WARN_ABOUT_RETURN_TYPE = YES_ERROR;
				GCC_WARN_UNDECLARED_SELECTOR = YES;
				GCC_WARN_UNINITIALIZED_AUTOS = YES_AGGRESSIVE;
				GCC_WARN_UNUSED_FUNCTION = YES;
				GCC_WARN_UNUSED_VARIABLE = YES;
				IPHONEOS_DEPLOYMENT_TARGET = 13.7;
				MTL_ENABLE_DEBUG_INFO = INCLUDE_SOURCE;
				MTL_FAST_MATH = YES;
				ONLY_ACTIVE_ARCH = YES;
				SDKROOT = iphoneos;
				SWIFT_ACTIVE_COMPILATION_CONDITIONS = DEBUG;
				SWIFT_OPTIMIZATION_LEVEL = "-Onone";
			};
			name = Debug;
		};
		301FA06D2510B67F00FF8B1D /* Release */ = {
			isa = XCBuildConfiguration;
			buildSettings = {
				ALWAYS_SEARCH_USER_PATHS = NO;
				CLANG_ANALYZER_NONNULL = YES;
				CLANG_ANALYZER_NUMBER_OBJECT_CONVERSION = YES_AGGRESSIVE;
				CLANG_CXX_LANGUAGE_STANDARD = "gnu++14";
				CLANG_CXX_LIBRARY = "libc++";
				CLANG_ENABLE_MODULES = YES;
				CLANG_ENABLE_OBJC_ARC = YES;
				CLANG_ENABLE_OBJC_WEAK = YES;
				CLANG_WARN_BLOCK_CAPTURE_AUTORELEASING = YES;
				CLANG_WARN_BOOL_CONVERSION = YES;
				CLANG_WARN_COMMA = YES;
				CLANG_WARN_CONSTANT_CONVERSION = YES;
				CLANG_WARN_DEPRECATED_OBJC_IMPLEMENTATIONS = YES;
				CLANG_WARN_DIRECT_OBJC_ISA_USAGE = YES_ERROR;
				CLANG_WARN_DOCUMENTATION_COMMENTS = YES;
				CLANG_WARN_EMPTY_BODY = YES;
				CLANG_WARN_ENUM_CONVERSION = YES;
				CLANG_WARN_INFINITE_RECURSION = YES;
				CLANG_WARN_INT_CONVERSION = YES;
				CLANG_WARN_NON_LITERAL_NULL_CONVERSION = YES;
				CLANG_WARN_OBJC_IMPLICIT_RETAIN_SELF = YES;
				CLANG_WARN_OBJC_LITERAL_CONVERSION = YES;
				CLANG_WARN_OBJC_ROOT_CLASS = YES_ERROR;
				CLANG_WARN_RANGE_LOOP_ANALYSIS = YES;
				CLANG_WARN_STRICT_PROTOTYPES = YES;
				CLANG_WARN_SUSPICIOUS_MOVE = YES;
				CLANG_WARN_UNGUARDED_AVAILABILITY = YES_AGGRESSIVE;
				CLANG_WARN_UNREACHABLE_CODE = YES;
				CLANG_WARN__DUPLICATE_METHOD_MATCH = YES;
				COPY_PHASE_STRIP = NO;
				DEBUG_INFORMATION_FORMAT = "dwarf-with-dsym";
				ENABLE_NS_ASSERTIONS = NO;
				ENABLE_STRICT_OBJC_MSGSEND = YES;
				GCC_C_LANGUAGE_STANDARD = gnu11;
				GCC_NO_COMMON_BLOCKS = YES;
				GCC_WARN_64_TO_32_BIT_CONVERSION = YES;
				GCC_WARN_ABOUT_RETURN_TYPE = YES_ERROR;
				GCC_WARN_UNDECLARED_SELECTOR = YES;
				GCC_WARN_UNINITIALIZED_AUTOS = YES_AGGRESSIVE;
				GCC_WARN_UNUSED_FUNCTION = YES;
				GCC_WARN_UNUSED_VARIABLE = YES;
				IPHONEOS_DEPLOYMENT_TARGET = 13.7;
				MTL_ENABLE_DEBUG_INFO = NO;
				MTL_FAST_MATH = YES;
				SDKROOT = iphoneos;
				SWIFT_COMPILATION_MODE = wholemodule;
				SWIFT_OPTIMIZATION_LEVEL = "-O";
				VALIDATE_PRODUCT = YES;
			};
			name = Release;
		};
		301FA06F2510B67F00FF8B1D /* Debug */ = {
			isa = XCBuildConfiguration;
			baseConfigurationReference = 34A4CAC1CB3918CAE9E458C7 /* Pods-WeatherApp.debug.xcconfig */;
			buildSettings = {
				ASSETCATALOG_COMPILER_APPICON_NAME = AppIcon;
				CODE_SIGN_STYLE = Automatic;
				DEVELOPMENT_TEAM = JYNHF6P534;
				INFOPLIST_FILE = WeatherApp/Info.plist;
				LD_RUNPATH_SEARCH_PATHS = (
					"$(inherited)",
					"@executable_path/Frameworks",
				);
				PRODUCT_BUNDLE_IDENTIFIER = shaxad.WeatherApp;
				PRODUCT_NAME = "$(TARGET_NAME)";
				SWIFT_VERSION = 5.0;
				TARGETED_DEVICE_FAMILY = "1,2";
			};
			name = Debug;
		};
		301FA0702510B67F00FF8B1D /* Release */ = {
			isa = XCBuildConfiguration;
			baseConfigurationReference = 484F31C3AD7CBB21B2293259 /* Pods-WeatherApp.release.xcconfig */;
			buildSettings = {
				ASSETCATALOG_COMPILER_APPICON_NAME = AppIcon;
				CODE_SIGN_STYLE = Automatic;
				DEVELOPMENT_TEAM = JYNHF6P534;
				INFOPLIST_FILE = WeatherApp/Info.plist;
				LD_RUNPATH_SEARCH_PATHS = (
					"$(inherited)",
					"@executable_path/Frameworks",
				);
				PRODUCT_BUNDLE_IDENTIFIER = shaxad.WeatherApp;
				PRODUCT_NAME = "$(TARGET_NAME)";
				SWIFT_VERSION = 5.0;
				TARGETED_DEVICE_FAMILY = "1,2";
			};
			name = Release;
		};
		301FA0722510B67F00FF8B1D /* Debug */ = {
			isa = XCBuildConfiguration;
			baseConfigurationReference = 0E142A19F373B75BCD287AC8 /* Pods-WeatherAppTests.debug.xcconfig */;
			buildSettings = {
				ALWAYS_EMBED_SWIFT_STANDARD_LIBRARIES = YES;
				BUNDLE_LOADER = "$(TEST_HOST)";
				CODE_SIGN_STYLE = Automatic;
				DEVELOPMENT_TEAM = JYNHF6P534;
				INFOPLIST_FILE = WeatherAppTests/Info.plist;
				IPHONEOS_DEPLOYMENT_TARGET = 13.7;
				LD_RUNPATH_SEARCH_PATHS = (
					"$(inherited)",
					"@executable_path/Frameworks",
					"@loader_path/Frameworks",
				);
				PRODUCT_BUNDLE_IDENTIFIER = shaxad.WeatherAppTests;
				PRODUCT_NAME = "$(TARGET_NAME)";
				SWIFT_VERSION = 5.0;
				TARGETED_DEVICE_FAMILY = "1,2";
				TEST_HOST = "$(BUILT_PRODUCTS_DIR)/WeatherApp.app/WeatherApp";
			};
			name = Debug;
		};
		301FA0732510B67F00FF8B1D /* Release */ = {
			isa = XCBuildConfiguration;
			baseConfigurationReference = 9591E41BD144D3B1DE42D65C /* Pods-WeatherAppTests.release.xcconfig */;
			buildSettings = {
				ALWAYS_EMBED_SWIFT_STANDARD_LIBRARIES = YES;
				BUNDLE_LOADER = "$(TEST_HOST)";
				CODE_SIGN_STYLE = Automatic;
				DEVELOPMENT_TEAM = JYNHF6P534;
				INFOPLIST_FILE = WeatherAppTests/Info.plist;
				IPHONEOS_DEPLOYMENT_TARGET = 13.7;
				LD_RUNPATH_SEARCH_PATHS = (
					"$(inherited)",
					"@executable_path/Frameworks",
					"@loader_path/Frameworks",
				);
				PRODUCT_BUNDLE_IDENTIFIER = shaxad.WeatherAppTests;
				PRODUCT_NAME = "$(TARGET_NAME)";
				SWIFT_VERSION = 5.0;
				TARGETED_DEVICE_FAMILY = "1,2";
				TEST_HOST = "$(BUILT_PRODUCTS_DIR)/WeatherApp.app/WeatherApp";
			};
			name = Release;
		};
		301FA0752510B67F00FF8B1D /* Debug */ = {
			isa = XCBuildConfiguration;
			baseConfigurationReference = 7C25927AC6F52DBA8C6865B8 /* Pods-WeatherApp-WeatherAppUITests.debug.xcconfig */;
			buildSettings = {
				ALWAYS_EMBED_SWIFT_STANDARD_LIBRARIES = YES;
				CODE_SIGN_STYLE = Automatic;
				DEVELOPMENT_TEAM = JYNHF6P534;
				INFOPLIST_FILE = WeatherAppUITests/Info.plist;
				LD_RUNPATH_SEARCH_PATHS = (
					"$(inherited)",
					"@executable_path/Frameworks",
					"@loader_path/Frameworks",
				);
				PRODUCT_BUNDLE_IDENTIFIER = shaxad.WeatherAppUITests;
				PRODUCT_NAME = "$(TARGET_NAME)";
				SWIFT_VERSION = 5.0;
				TARGETED_DEVICE_FAMILY = "1,2";
				TEST_TARGET_NAME = WeatherApp;
			};
			name = Debug;
		};
		301FA0762510B67F00FF8B1D /* Release */ = {
			isa = XCBuildConfiguration;
			baseConfigurationReference = D95308AAA61D8C7864D6675F /* Pods-WeatherApp-WeatherAppUITests.release.xcconfig */;
			buildSettings = {
				ALWAYS_EMBED_SWIFT_STANDARD_LIBRARIES = YES;
				CODE_SIGN_STYLE = Automatic;
				DEVELOPMENT_TEAM = JYNHF6P534;
				INFOPLIST_FILE = WeatherAppUITests/Info.plist;
				LD_RUNPATH_SEARCH_PATHS = (
					"$(inherited)",
					"@executable_path/Frameworks",
					"@loader_path/Frameworks",
				);
				PRODUCT_BUNDLE_IDENTIFIER = shaxad.WeatherAppUITests;
				PRODUCT_NAME = "$(TARGET_NAME)";
				SWIFT_VERSION = 5.0;
				TARGETED_DEVICE_FAMILY = "1,2";
				TEST_TARGET_NAME = WeatherApp;
			};
			name = Release;
		};
/* End XCBuildConfiguration section */

/* Begin XCConfigurationList section */
		301FA03F2510B67C00FF8B1D /* Build configuration list for PBXProject "WeatherApp" */ = {
			isa = XCConfigurationList;
			buildConfigurations = (
				301FA06C2510B67F00FF8B1D /* Debug */,
				301FA06D2510B67F00FF8B1D /* Release */,
			);
			defaultConfigurationIsVisible = 0;
			defaultConfigurationName = Release;
		};
		301FA06E2510B67F00FF8B1D /* Build configuration list for PBXNativeTarget "WeatherApp" */ = {
			isa = XCConfigurationList;
			buildConfigurations = (
				301FA06F2510B67F00FF8B1D /* Debug */,
				301FA0702510B67F00FF8B1D /* Release */,
			);
			defaultConfigurationIsVisible = 0;
			defaultConfigurationName = Release;
		};
		301FA0712510B67F00FF8B1D /* Build configuration list for PBXNativeTarget "WeatherAppTests" */ = {
			isa = XCConfigurationList;
			buildConfigurations = (
				301FA0722510B67F00FF8B1D /* Debug */,
				301FA0732510B67F00FF8B1D /* Release */,
			);
			defaultConfigurationIsVisible = 0;
			defaultConfigurationName = Release;
		};
		301FA0742510B67F00FF8B1D /* Build configuration list for PBXNativeTarget "WeatherAppUITests" */ = {
			isa = XCConfigurationList;
			buildConfigurations = (
				301FA0752510B67F00FF8B1D /* Debug */,
				301FA0762510B67F00FF8B1D /* Release */,
			);
			defaultConfigurationIsVisible = 0;
			defaultConfigurationName = Release;
		};
/* End XCConfigurationList section */
	};
	rootObject = 301FA03C2510B67C00FF8B1D /* Project object */;
}
